// !$*UTF8*$!
{
	archiveVersion = 1;
	classes = {
	};
	objectVersion = 77;
	objects = {

/* Begin PBXBuildFile section */
		3A975DC22F61875300BA8179 /* README.mdown in Resources */ = {isa = PBXBuildFile; fileRef = 3A975DC12F61875300BA8179 /* README.mdown */; };
/* End PBXBuildFile section */

/* Begin PBXContainerItemProxy section */
		3A1CD8482F60608C0007AB76 /* PBXContainerItemProxy */ = {
			isa = PBXContainerItemProxy;
			containerPortal = 3A1CD8302F60608A0007AB76 /* Project object */;
			proxyType = 1;
			remoteGlobalIDString = 3A1CD8372F60608A0007AB76;
			remoteInfo = "NMEA Simulator";
		};
		3A1CD8522F60608C0007AB76 /* PBXContainerItemProxy */ = {
			isa = PBXContainerItemProxy;
			containerPortal = 3A1CD8302F60608A0007AB76 /* Project object */;
			proxyType = 1;
			remoteGlobalIDString = 3A1CD8372F60608A0007AB76;
			remoteInfo = "NMEA Simulator";
		};
/* End PBXContainerItemProxy section */

/* Begin PBXFileReference section */
		3A1CD8382F60608A0007AB76 /* NMEA Simulator.app */ = {isa = PBXFileReference; explicitFileType = wrapper.application; includeInIndex = 0; path = "NMEA Simulator.app"; sourceTree = BUILT_PRODUCTS_DIR; };
		3A1CD8472F60608C0007AB76 /* NMEA SimulatorTests.xctest */ = {isa = PBXFileReference; explicitFileType = wrapper.cfbundle; includeInIndex = 0; path = "NMEA SimulatorTests.xctest"; sourceTree = BUILT_PRODUCTS_DIR; };
		3A1CD8512F60608C0007AB76 /* NMEA SimulatorUITests.xctest */ = {isa = PBXFileReference; explicitFileType = wrapper.cfbundle; includeInIndex = 0; path = "NMEA SimulatorUITests.xctest"; sourceTree = BUILT_PRODUCTS_DIR; };
		3A975DC12F61875300BA8179 /* README.mdown */ = {isa = PBXFileReference; lastKnownFileType = net.daringfireball.markdown; path = README.mdown; sourceTree = "<group>"; };
/* End PBXFileReference section */

/* Begin PBXFileSystemSynchronizedRootGroup section */
		3A1CD83A2F60608A0007AB76 /* NMEA Simulator */ = {
			isa = PBXFileSystemSynchronizedRootGroup;
			path = "NMEA Simulator";
			sourceTree = "<group>";
		};
		3A1CD84A2F60608C0007AB76 /* NMEA SimulatorTests */ = {
			isa = PBXFileSystemSynchronizedRootGroup;
			path = "NMEA SimulatorTests";
			sourceTree = "<group>";
		};
		3A1CD8542F60608C0007AB76 /* NMEA SimulatorUITests */ = {
			isa = PBXFileSystemSynchronizedRootGroup;
			path = "NMEA SimulatorUITests";
			sourceTree = "<group>";
		};
/* End PBXFileSystemSynchronizedRootGroup section */

/* Begin PBXFrameworksBuildPhase section */
		3A1CD8352F60608A0007AB76 /* Frameworks */ = {
			isa = PBXFrameworksBuildPhase;
			buildActionMask = 2147483647;
			files = (
			);
			runOnlyForDeploymentPostprocessing = 0;
		};
		3A1CD8442F60608C0007AB76 /* Frameworks */ = {
			isa = PBXFrameworksBuildPhase;
			buildActionMask = 2147483647;
			files = (
			);
			runOnlyForDeploymentPostprocessing = 0;
		};
		3A1CD84E2F60608C0007AB76 /* Frameworks */ = {
			isa = PBXFrameworksBuildPhase;
			buildActionMask = 2147483647;
			files = (
			);
			runOnlyForDeploymentPostprocessing = 0;
		};
/* End PBXFrameworksBuildPhase section */

/* Begin PBXGroup section */
		3A1CD82F2F60608A0007AB76 = {
			isa = PBXGroup;
			children = (
				3A975DC12F61875300BA8179 /* README.mdown */,
				3A1CD83A2F60608A0007AB76 /* NMEA Simulator */,
				3A1CD84A2F60608C0007AB76 /* NMEA SimulatorTests */,
				3A1CD8542F60608C0007AB76 /* NMEA SimulatorUITests */,
				3A1CD8392F60608A0007AB76 /* Products */,
			);
			sourceTree = "<group>";
		};
		3A1CD8392F60608A0007AB76 /* Products */ = {
			isa = PBXGroup;
			children = (
				3A1CD8382F60608A0007AB76 /* NMEA Simulator.app */,
				3A1CD8472F60608C0007AB76 /* NMEA SimulatorTests.xctest */,
				3A1CD8512F60608C0007AB76 /* NMEA SimulatorUITests.xctest */,
			);
			name = Products;
			sourceTree = "<group>";
		};
/* End PBXGroup section */

/* Begin PBXNativeTarget section */
		3A1CD8372F60608A0007AB76 /* NMEA Simulator */ = {
			isa = PBXNativeTarget;
			buildConfigurationList = 3A1CD85B2F60608C0007AB76 /* Build configuration list for PBXNativeTarget "NMEA Simulator" */;
			buildPhases = (
				3A1CD8342F60608A0007AB76 /* Sources */,
				3A1CD8352F60608A0007AB76 /* Frameworks */,
				3A1CD8362F60608A0007AB76 /* Resources */,
			);
			buildRules = (
			);
			dependencies = (
			);
			fileSystemSynchronizedGroups = (
				3A1CD83A2F60608A0007AB76 /* NMEA Simulator */,
			);
			name = "NMEA Simulator";
			packageProductDependencies = (
			);
			productName = "NMEA Simulator";
			productReference = 3A1CD8382F60608A0007AB76 /* NMEA Simulator.app */;
			productType = "com.apple.product-type.application";
		};
		3A1CD8462F60608C0007AB76 /* NMEA SimulatorTests */ = {
			isa = PBXNativeTarget;
			buildConfigurationList = 3A1CD85E2F60608C0007AB76 /* Build configuration list for PBXNativeTarget "NMEA SimulatorTests" */;
			buildPhases = (
				3A1CD8432F60608C0007AB76 /* Sources */,
				3A1CD8442F60608C0007AB76 /* Frameworks */,
				3A1CD8452F60608C0007AB76 /* Resources */,
			);
			buildRules = (
			);
			dependencies = (
				3A1CD8492F60608C0007AB76 /* PBXTargetDependency */,
			);
			fileSystemSynchronizedGroups = (
				3A1CD84A2F60608C0007AB76 /* NMEA SimulatorTests */,
			);
			name = "NMEA SimulatorTests";
			packageProductDependencies = (
			);
			productName = "NMEA SimulatorTests";
			productReference = 3A1CD8472F60608C0007AB76 /* NMEA SimulatorTests.xctest */;
			productType = "com.apple.product-type.bundle.unit-test";
		};
		3A1CD8502F60608C0007AB76 /* NMEA SimulatorUITests */ = {
			isa = PBXNativeTarget;
			buildConfigurationList = 3A1CD8612F60608C0007AB76 /* Build configuration list for PBXNativeTarget "NMEA SimulatorUITests" */;
			buildPhases = (
				3A1CD84D2F60608C0007AB76 /* Sources */,
				3A1CD84E2F60608C0007AB76 /* Frameworks */,
				3A1CD84F2F60608C0007AB76 /* Resources */,
			);
			buildRules = (
			);
			dependencies = (
				3A1CD8532F60608C0007AB76 /* PBXTargetDependency */,
			);
			fileSystemSynchronizedGroups = (
				3A1CD8542F60608C0007AB76 /* NMEA SimulatorUITests */,
			);
			name = "NMEA SimulatorUITests";
			packageProductDependencies = (
			);
			productName = "NMEA SimulatorUITests";
			productReference = 3A1CD8512F60608C0007AB76 /* NMEA SimulatorUITests.xctest */;
			productType = "com.apple.product-type.bundle.ui-testing";
		};
/* End PBXNativeTarget section */

/* Begin PBXProject section */
		3A1CD8302F60608A0007AB76 /* Project object */ = {
			isa = PBXProject;
			attributes = {
				BuildIndependentTargetsInParallel = 1;
				LastSwiftUpdateCheck = 2620;
				LastUpgradeCheck = 2620;
				TargetAttributes = {
					3A1CD8372F60608A0007AB76 = {
						CreatedOnToolsVersion = 26.2;
					};
					3A1CD8462F60608C0007AB76 = {
						CreatedOnToolsVersion = 26.2;
						TestTargetID = 3A1CD8372F60608A0007AB76;
					};
					3A1CD8502F60608C0007AB76 = {
						CreatedOnToolsVersion = 26.2;
						TestTargetID = 3A1CD8372F60608A0007AB76;
					};
				};
			};
			buildConfigurationList = 3A1CD8332F60608A0007AB76 /* Build configuration list for PBXProject "NMEA Simulator" */;
			developmentRegion = en;
			hasScannedForEncodings = 0;
			knownRegions = (
				en,
				Base,
			);
			mainGroup = 3A1CD82F2F60608A0007AB76;
			minimizedProjectReferenceProxies = 1;
			preferredProjectObjectVersion = 77;
			productRefGroup = 3A1CD8392F60608A0007AB76 /* Products */;
			projectDirPath = "";
			projectRoot = "";
			targets = (
				3A1CD8372F60608A0007AB76 /* NMEA Simulator */,
				3A1CD8462F60608C0007AB76 /* NMEA SimulatorTests */,
				3A1CD8502F60608C0007AB76 /* NMEA SimulatorUITests */,
			);
		};
/* End PBXProject section */

/* Begin PBXResourcesBuildPhase section */
		3A1CD8362F60608A0007AB76 /* Resources */ = {
			isa = PBXResourcesBuildPhase;
			buildActionMask = 2147483647;
			files = (
				3A975DC22F61875300BA8179 /* README.mdown in Resources */,
			);
			runOnlyForDeploymentPostprocessing = 0;
		};
		3A1CD8452F60608C0007AB76 /* Resources */ = {
			isa = PBXResourcesBuildPhase;
			buildActionMask = 2147483647;
			files = (
			);
			runOnlyForDeploymentPostprocessing = 0;
		};
		3A1CD84F2F60608C0007AB76 /* Resources */ = {
			isa = PBXResourcesBuildPhase;
			buildActionMask = 2147483647;
			files = (
			);
			runOnlyForDeploymentPostprocessing = 0;
		};
/* End PBXResourcesBuildPhase section */

/* Begin PBXSourcesBuildPhase section */
		3A1CD8342F60608A0007AB76 /* Sources */ = {
			isa = PBXSourcesBuildPhase;
			buildActionMask = 2147483647;
			files = (
			);
			runOnlyForDeploymentPostprocessing = 0;
		};
		3A1CD8432F60608C0007AB76 /* Sources */ = {
			isa = PBXSourcesBuildPhase;
			buildActionMask = 2147483647;
			files = (
			);
			runOnlyForDeploymentPostprocessing = 0;
		};
		3A1CD84D2F60608C0007AB76 /* Sources */ = {
			isa = PBXSourcesBuildPhase;
			buildActionMask = 2147483647;
			files = (
			);
			runOnlyForDeploymentPostprocessing = 0;
		};
/* End PBXSourcesBuildPhase section */

/* Begin PBXTargetDependency section */
		3A1CD8492F60608C0007AB76 /* PBXTargetDependency */ = {
			isa = PBXTargetDependency;
			target = 3A1CD8372F60608A0007AB76 /* NMEA Simulator */;
			targetProxy = 3A1CD8482F60608C0007AB76 /* PBXContainerItemProxy */;
		};
		3A1CD8532F60608C0007AB76 /* PBXTargetDependency */ = {
			isa = PBXTargetDependency;
			target = 3A1CD8372F60608A0007AB76 /* NMEA Simulator */;
			targetProxy = 3A1CD8522F60608C0007AB76 /* PBXContainerItemProxy */;
		};
/* End PBXTargetDependency section */

/* Begin XCBuildConfiguration section */
		3A1CD8592F60608C0007AB76 /* Debug */ = {
			isa = XCBuildConfiguration;
			buildSettings = {
				ALWAYS_SEARCH_USER_PATHS = NO;
				ASSETCATALOG_COMPILER_GENERATE_SWIFT_ASSET_SYMBOL_EXTENSIONS = YES;
				CLANG_ANALYZER_NONNULL = YES;
				CLANG_ANALYZER_NUMBER_OBJECT_CONVERSION = YES_AGGRESSIVE;
				CLANG_CXX_LANGUAGE_STANDARD = "gnu++20";
				CLANG_ENABLE_MODULES = YES;
				CLANG_ENABLE_OBJC_ARC = YES;
				CLANG_ENABLE_OBJC_WEAK = YES;
				CLANG_WARN_BLOCK_CAPTURE_AUTORELEASING = YES;
				CLANG_WARN_BOOL_CONVERSION = YES;
				CLANG_WARN_COMMA = YES;
				CLANG_WARN_CONSTANT_CONVERSION = YES;
				CLANG_WARN_DEPRECATED_OBJC_IMPLEMENTATIONS = YES;
				CLANG_WARN_DIRECT_OBJC_ISA_USAGE = YES_ERROR;
				CLANG_WARN_DOCUMENTATION_COMMENTS = YES;
				CLANG_WARN_EMPTY_BODY = YES;
				CLANG_WARN_ENUM_CONVERSION = YES;
				CLANG_WARN_INFINITE_RECURSION = YES;
				CLANG_WARN_INT_CONVERSION = YES;
				CLANG_WARN_NON_LITERAL_NULL_CONVERSION = YES;
				CLANG_WARN_OBJC_IMPLICIT_RETAIN_SELF = YES;
				CLANG_WARN_OBJC_LITERAL_CONVERSION = YES;
				CLANG_WARN_OBJC_ROOT_CLASS = YES_ERROR;
				CLANG_WARN_QUOTED_INCLUDE_IN_FRAMEWORK_HEADER = YES;
				CLANG_WARN_RANGE_LOOP_ANALYSIS = YES;
				CLANG_WARN_STRICT_PROTOTYPES = YES;
				CLANG_WARN_SUSPICIOUS_MOVE = YES;
				CLANG_WARN_UNGUARDED_AVAILABILITY = YES_AGGRESSIVE;
				CLANG_WARN_UNREACHABLE_CODE = YES;
				CLANG_WARN__DUPLICATE_METHOD_MATCH = YES;
				COPY_PHASE_STRIP = NO;
				DEBUG_INFORMATION_FORMAT = dwarf;
				DEVELOPMENT_TEAM = PMC4RZG4LF;
				ENABLE_STRICT_OBJC_MSGSEND = YES;
				ENABLE_TESTABILITY = YES;
				ENABLE_USER_SCRIPT_SANDBOXING = YES;
				GCC_C_LANGUAGE_STANDARD = gnu17;
				GCC_DYNAMIC_NO_PIC = NO;
				GCC_NO_COMMON_BLOCKS = YES;
				GCC_OPTIMIZATION_LEVEL = 0;
				GCC_PREPROCESSOR_DEFINITIONS = (
					"DEBUG=1",
					"$(inherited)",
				);
				GCC_WARN_64_TO_32_BIT_CONVERSION = YES;
				GCC_WARN_ABOUT_RETURN_TYPE = YES_ERROR;
				GCC_WARN_UNDECLARED_SELECTOR = YES;
				GCC_WARN_UNINITIALIZED_AUTOS = YES_AGGRESSIVE;
				GCC_WARN_UNUSED_FUNCTION = YES;
				GCC_WARN_UNUSED_VARIABLE = YES;
				LOCALIZATION_PREFERS_STRING_CATALOGS = YES;
				MACOSX_DEPLOYMENT_TARGET = 26.1;
				MTL_ENABLE_DEBUG_INFO = INCLUDE_SOURCE;
				MTL_FAST_MATH = YES;
				ONLY_ACTIVE_ARCH = YES;
				SDKROOT = macosx;
				SWIFT_ACTIVE_COMPILATION_CONDITIONS = "DEBUG $(inherited)";
				SWIFT_OPTIMIZATION_LEVEL = "-Onone";
			};
			name = Debug;
		};
		3A1CD85A2F60608C0007AB76 /* Release */ = {
			isa = XCBuildConfiguration;
			buildSettings = {
				ALWAYS_SEARCH_USER_PATHS = NO;
				ASSETCATALOG_COMPILER_GENERATE_SWIFT_ASSET_SYMBOL_EXTENSIONS = YES;
				CLANG_ANALYZER_NONNULL = YES;
				CLANG_ANALYZER_NUMBER_OBJECT_CONVERSION = YES_AGGRESSIVE;
				CLANG_CXX_LANGUAGE_STANDARD = "gnu++20";
				CLANG_ENABLE_MODULES = YES;
				CLANG_ENABLE_OBJC_ARC = YES;
				CLANG_ENABLE_OBJC_WEAK = YES;
				CLANG_WARN_BLOCK_CAPTURE_AUTORELEASING = YES;
				CLANG_WARN_BOOL_CONVERSION = YES;
				CLANG_WARN_COMMA = YES;
				CLANG_WARN_CONSTANT_CONVERSION = YES;
				CLANG_WARN_DEPRECATED_OBJC_IMPLEMENTATIONS = YES;
				CLANG_WARN_DIRECT_OBJC_ISA_USAGE = YES_ERROR;
				CLANG_WARN_DOCUMENTATION_COMMENTS = YES;
				CLANG_WARN_EMPTY_BODY = YES;
				CLANG_WARN_ENUM_CONVERSION = YES;
				CLANG_WARN_INFINITE_RECURSION = YES;
				CLANG_WARN_INT_CONVERSION = YES;
				CLANG_WARN_NON_LITERAL_NULL_CONVERSION = YES;
				CLANG_WARN_OBJC_IMPLICIT_RETAIN_SELF = YES;
				CLANG_WARN_OBJC_LITERAL_CONVERSION = YES;
				CLANG_WARN_OBJC_ROOT_CLASS = YES_ERROR;
				CLANG_WARN_QUOTED_INCLUDE_IN_FRAMEWORK_HEADER = YES;
				CLANG_WARN_RANGE_LOOP_ANALYSIS = YES;
				CLANG_WARN_STRICT_PROTOTYPES = YES;
				CLANG_WARN_SUSPICIOUS_MOVE = YES;
				CLANG_WARN_UNGUARDED_AVAILABILITY = YES_AGGRESSIVE;
				CLANG_WARN_UNREACHABLE_CODE = YES;
				CLANG_WARN__DUPLICATE_METHOD_MATCH = YES;
				COPY_PHASE_STRIP = NO;
				DEBUG_INFORMATION_FORMAT = "dwarf-with-dsym";
				DEVELOPMENT_TEAM = PMC4RZG4LF;
				ENABLE_NS_ASSERTIONS = NO;
				ENABLE_STRICT_OBJC_MSGSEND = YES;
				ENABLE_USER_SCRIPT_SANDBOXING = YES;
				GCC_C_LANGUAGE_STANDARD = gnu17;
				GCC_NO_COMMON_BLOCKS = YES;
				GCC_WARN_64_TO_32_BIT_CONVERSION = YES;
				GCC_WARN_ABOUT_RETURN_TYPE = YES_ERROR;
				GCC_WARN_UNDECLARED_SELECTOR = YES;
				GCC_WARN_UNINITIALIZED_AUTOS = YES_AGGRESSIVE;
				GCC_WARN_UNUSED_FUNCTION = YES;
				GCC_WARN_UNUSED_VARIABLE = YES;
				LOCALIZATION_PREFERS_STRING_CATALOGS = YES;
				MACOSX_DEPLOYMENT_TARGET = 26.1;
				MTL_ENABLE_DEBUG_INFO = NO;
				MTL_FAST_MATH = YES;
				SDKROOT = macosx;
				SWIFT_COMPILATION_MODE = wholemodule;
			};
			name = Release;
		};
		3A1CD85C2F60608C0007AB76 /* Debug */ = {
			isa = XCBuildConfiguration;
			buildSettings = {
				ASSETCATALOG_COMPILER_APPICON_NAME = AppIcon;
				ASSETCATALOG_COMPILER_GLOBAL_ACCENT_COLOR_NAME = AccentColor;
				CODE_SIGN_STYLE = Automatic;
				COMBINE_HIDPI_IMAGES = YES;
				CURRENT_PROJECT_VERSION = 1;
				DEVELOPMENT_TEAM = PMC4RZG4LF;
				ENABLE_APP_SANDBOX = YES;
				ENABLE_HARDENED_RUNTIME = YES;
				ENABLE_INCOMING_NETWORK_CONNECTIONS = YES;
				ENABLE_OUTGOING_NETWORK_CONNECTIONS = YES;
				ENABLE_PREVIEWS = YES;
				ENABLE_USER_SELECTED_FILES = readonly;
				GENERATE_INFOPLIST_FILE = YES;
				INFOPLIST_KEY_NSHumanReadableCopyright = "";
				LD_RUNPATH_SEARCH_PATHS = (
					"$(inherited)",
					"@executable_path/../Frameworks",
				);
				MARKETING_VERSION = 1.0;
				PRODUCT_BUNDLE_IDENTIFIER = "com.ld.NMEA-Simulator";
				PRODUCT_NAME = "$(TARGET_NAME)";
				REGISTER_APP_GROUPS = YES;
				STRING_CATALOG_GENERATE_SYMBOLS = YES;
				SWIFT_APPROACHABLE_CONCURRENCY = YES;
				SWIFT_DEFAULT_ACTOR_ISOLATION = MainActor;
				SWIFT_EMIT_LOC_STRINGS = YES;
				SWIFT_UPCOMING_FEATURE_MEMBER_IMPORT_VISIBILITY = YES;
				SWIFT_VERSION = 5.0;
			};
			name = Debug;
		};
		3A1CD85D2F60608C0007AB76 /* Release */ = {
			isa = XCBuildConfiguration;
			buildSettings = {
				ASSETCATALOG_COMPILER_APPICON_NAME = AppIcon;
				ASSETCATALOG_COMPILER_GLOBAL_ACCENT_COLOR_NAME = AccentColor;
				CODE_SIGN_STYLE = Automatic;
				COMBINE_HIDPI_IMAGES = YES;
				CURRENT_PROJECT_VERSION = 1;
				DEVELOPMENT_TEAM = PMC4RZG4LF;
				ENABLE_APP_SANDBOX = YES;
				ENABLE_HARDENED_RUNTIME = YES;
				ENABLE_INCOMING_NETWORK_CONNECTIONS = YES;
				ENABLE_OUTGOING_NETWORK_CONNECTIONS = YES;
				ENABLE_PREVIEWS = YES;
				ENABLE_USER_SELECTED_FILES = readonly;
				GENERATE_INFOPLIST_FILE = YES;
				INFOPLIST_KEY_NSHumanReadableCopyright = "";
				LD_RUNPATH_SEARCH_PATHS = (
					"$(inherited)",
					"@executable_path/../Frameworks",
				);
				MARKETING_VERSION = 1.0;
				PRODUCT_BUNDLE_IDENTIFIER = "com.ld.NMEA-Simulator";
				PRODUCT_NAME = "$(TARGET_NAME)";
				REGISTER_APP_GROUPS = YES;
				STRING_CATALOG_GENERATE_SYMBOLS = YES;
				SWIFT_APPROACHABLE_CONCURRENCY = YES;
				SWIFT_DEFAULT_ACTOR_ISOLATION = MainActor;
				SWIFT_EMIT_LOC_STRINGS = YES;
				SWIFT_UPCOMING_FEATURE_MEMBER_IMPORT_VISIBILITY = YES;
				SWIFT_VERSION = 5.0;
			};
			name = Release;
		};
		3A1CD85F2F60608C0007AB76 /* Debug */ = {
			isa = XCBuildConfiguration;
			buildSettings = {
				BUNDLE_LOADER = "$(TEST_HOST)";
				CODE_SIGN_STYLE = Automatic;
				CURRENT_PROJECT_VERSION = 1;
				DEVELOPMENT_TEAM = PMC4RZG4LF;
				GENERATE_INFOPLIST_FILE = YES;
				MACOSX_DEPLOYMENT_TARGET = 26.1;
				MARKETING_VERSION = 1.0;
				PRODUCT_BUNDLE_IDENTIFIER = "com.ld.NMEA-SimulatorTests";
				PRODUCT_NAME = "$(TARGET_NAME)";
				STRING_CATALOG_GENERATE_SYMBOLS = NO;
				SWIFT_APPROACHABLE_CONCURRENCY = YES;
				SWIFT_EMIT_LOC_STRINGS = NO;
				SWIFT_UPCOMING_FEATURE_MEMBER_IMPORT_VISIBILITY = YES;
				SWIFT_VERSION = 5.0;
				TEST_HOST = "$(BUILT_PRODUCTS_DIR)/NMEA Simulator.app/$(BUNDLE_EXECUTABLE_FOLDER_PATH)/NMEA Simulator";
			};
			name = Debug;
		};
		3A1CD8602F60608C0007AB76 /* Release */ = {
			isa = XCBuildConfiguration;
			buildSettings = {
				BUNDLE_LOADER = "$(TEST_HOST)";
				CODE_SIGN_STYLE = Automatic;
				CURRENT_PROJECT_VERSION = 1;
				DEVELOPMENT_TEAM = PMC4RZG4LF;
				GENERATE_INFOPLIST_FILE = YES;
				MACOSX_DEPLOYMENT_TARGET = 26.1;
				MARKETING_VERSION = 1.0;
				PRODUCT_BUNDLE_IDENTIFIER = "com.ld.NMEA-SimulatorTests";
				PRODUCT_NAME = "$(TARGET_NAME)";
				STRING_CATALOG_GENERATE_SYMBOLS = NO;
				SWIFT_APPROACHABLE_CONCURRENCY = YES;
				SWIFT_EMIT_LOC_STRINGS = NO;
				SWIFT_UPCOMING_FEATURE_MEMBER_IMPORT_VISIBILITY = YES;
				SWIFT_VERSION = 5.0;
				TEST_HOST = "$(BUILT_PRODUCTS_DIR)/NMEA Simulator.app/$(BUNDLE_EXECUTABLE_FOLDER_PATH)/NMEA Simulator";
			};
			name = Release;
		};
		3A1CD8622F60608C0007AB76 /* Debug */ = {
			isa = XCBuildConfiguration;
			buildSettings = {
				CODE_SIGN_STYLE = Automatic;
				CURRENT_PROJECT_VERSION = 1;
				DEVELOPMENT_TEAM = PMC4RZG4LF;
				GENERATE_INFOPLIST_FILE = YES;
				MARKETING_VERSION = 1.0;
				PRODUCT_BUNDLE_IDENTIFIER = "com.ld.NMEA-SimulatorUITests";
				PRODUCT_NAME = "$(TARGET_NAME)";
				STRING_CATALOG_GENERATE_SYMBOLS = NO;
				SWIFT_APPROACHABLE_CONCURRENCY = YES;
				SWIFT_EMIT_LOC_STRINGS = NO;
				SWIFT_UPCOMING_FEATURE_MEMBER_IMPORT_VISIBILITY = YES;
				SWIFT_VERSION = 5.0;
				TEST_TARGET_NAME = "NMEA Simulator";
			};
			name = Debug;
		};
		3A1CD8632F60608C0007AB76 /* Release */ = {
			isa = XCBuildConfiguration;
			buildSettings = {
				CODE_SIGN_STYLE = Automatic;
				CURRENT_PROJECT_VERSION = 1;
				DEVELOPMENT_TEAM = PMC4RZG4LF;
				GENERATE_INFOPLIST_FILE = YES;
				MARKETING_VERSION = 1.0;
				PRODUCT_BUNDLE_IDENTIFIER = "com.ld.NMEA-SimulatorUITests";
				PRODUCT_NAME = "$(TARGET_NAME)";
				STRING_CATALOG_GENERATE_SYMBOLS = NO;
				SWIFT_APPROACHABLE_CONCURRENCY = YES;
				SWIFT_EMIT_LOC_STRINGS = NO;
				SWIFT_UPCOMING_FEATURE_MEMBER_IMPORT_VISIBILITY = YES;
				SWIFT_VERSION = 5.0;
				TEST_TARGET_NAME = "NMEA Simulator";
			};
			name = Release;
		};
/* End XCBuildConfiguration section */

/* Begin XCConfigurationList section */
		3A1CD8332F60608A0007AB76 /* Build configuration list for PBXProject "NMEA Simulator" */ = {
			isa = XCConfigurationList;
			buildConfigurations = (
				3A1CD8592F60608C0007AB76 /* Debug */,
				3A1CD85A2F60608C0007AB76 /* Release */,
			);
			defaultConfigurationIsVisible = 0;
			defaultConfigurationName = Release;
		};
		3A1CD85B2F60608C0007AB76 /* Build configuration list for PBXNativeTarget "NMEA Simulator" */ = {
			isa = XCConfigurationList;
			buildConfigurations = (
				3A1CD85C2F60608C0007AB76 /* Debug */,
				3A1CD85D2F60608C0007AB76 /* Release */,
			);
			defaultConfigurationIsVisible = 0;
			defaultConfigurationName = Release;
		};
		3A1CD85E2F60608C0007AB76 /* Build configuration list for PBXNativeTarget "NMEA SimulatorTests" */ = {
			isa = XCConfigurationList;
			buildConfigurations = (
				3A1CD85F2F60608C0007AB76 /* Debug */,
				3A1CD8602F60608C0007AB76 /* Release */,
			);
			defaultConfigurationIsVisible = 0;
			defaultConfigurationName = Release;
		};
		3A1CD8612F60608C0007AB76 /* Build configuration list for PBXNativeTarget "NMEA SimulatorUITests" */ = {
			isa = XCConfigurationList;
			buildConfigurations = (
				3A1CD8622F60608C0007AB76 /* Debug */,
				3A1CD8632F60608C0007AB76 /* Release */,
			);
			defaultConfigurationIsVisible = 0;
			defaultConfigurationName = Release;
		};
/* End XCConfigurationList section */
	};
	rootObject = 3A1CD8302F60608A0007AB76 /* Project object */;
}
